
Microsoft Visual Studio Solution File, Format Version 12.00
# Visual Studio Version 17
VisualStudioVersion = 17.7.34202.233
MinimumVisualStudioVersion = 10.0.40219.1
Project("{FAE04EC0-301F-11D3-BF4B-00C04F79EFBC}") = "project1", "project1\project1.csproj", "{2ED2A9BB-E7B4-472C-B69A-6AF94B14BC65}"
EndProject
Global
	GlobalSection(SolutionConfigurationPlatforms) = preSolution
		Debug|Any CPU = Debug|Any CPU
		Release|Any CPU = Release|Any CPU
	EndGlobalSection
	GlobalSection(ProjectConfigurationPlatforms) = postSolution
		{2ED2A9BB-E7B4-472C-B69A-6AF94B14BC65}.Debug|Any CPU.ActiveCfg = Debug|Any CPU
		{2ED2A9BB-E7B4-472C-B69A-6AF94B14BC65}.Debug|Any CPU.Build.0 = Debug|Any CPU
		{2ED2A9BB-E7B4-472C-B69A-6AF94B14BC65}.Release|Any CPU.ActiveCfg = Release|Any CPU
		{2ED2A9BB-E7B4-472C-B69A-6AF94B14BC65}.Release|Any CPU.Build.0 = Release|Any CPU
	EndGlobalSection
	GlobalSection(SolutionProperties) = preSolution
		HideSolutionNode = FALSE
	EndGlobalSection
	GlobalSection(ExtensibilityGlobals) = postSolution
		SolutionGuid = {68C3FCE6-2559-473B-9F3D-7F13FEDA01FA}
	EndGlobalSection
EndGlobal
